
Microsoft Visual Studio Solution File, Format Version 12.00
# Visual Studio Version 16
VisualStudioVersion = 16.0.30002.166
MinimumVisualStudioVersion = 10.0.40219.1
Project("{FAE04EC0-301F-11D3-BF4B-00C04F79EFBC}") = "CarsLab", "CarsLab.csproj", "{FF10E6C5-A1F5-4443-B709-63C6A8ED7C12}"
EndProject
Global
	GlobalSection(SolutionConfigurationPlatforms) = preSolution
		Debug|Any CPU = Debug|Any CPU
		Release|Any CPU = Release|Any CPU
	EndGlobalSection
	GlobalSection(ProjectConfigurationPlatforms) = postSolution
		{FF10E6C5-A1F5-4443-B709-63C6A8ED7C12}.Debug|Any CPU.ActiveCfg = Debug|Any CPU
		{FF10E6C5-A1F5-4443-B709-63C6A8ED7C12}.Debug|Any CPU.Build.0 = Debug|Any CPU
		{FF10E6C5-A1F5-4443-B709-63C6A8ED7C12}.Release|Any CPU.ActiveCfg = Release|Any CPU
		{FF10E6C5-A1F5-4443-B709-63C6A8ED7C12}.Release|Any CPU.Build.0 = Release|Any CPU
	EndGlobalSection
	GlobalSection(SolutionProperties) = preSolution
		HideSolutionNode = FALSE
	EndGlobalSection
	GlobalSection(ExtensibilityGlobals) = postSolution
		SolutionGuid = {9ED6947B-DE80-46E8-9361-0A99370759A1}
	EndGlobalSection
EndGlobal
